
Microsoft Visual Studio Solution File, Format Version 12.00
# Visual Studio Version 17
VisualStudioVersion = 17.0.31903.59
MinimumVisualStudioVersion = 10.0.40219.1
Project("{2150E333-8FDC-42A3-9474-1A3956D46DE8}") = "src", "src", "{827E0CD3-B72D-47B6-A68D-7590B98EB39B}"
EndProject
Project("{FAE04EC0-301F-11D3-BF4B-00C04F79EFBC}") = "PE2.ECommerce.Domain", "src\PE2.ECommerce.Domain\PE2.ECommerce.Domain.csproj", "{A1524D48-6B6B-46B6-A716-41BBC72C70BC}"
EndProject
Project("{FAE04EC0-301F-11D3-BF4B-00C04F79EFBC}") = "PE2.ECommerce.Services", "src\PE2.ECommerce.Services\PE2.ECommerce.Services.csproj", "{753A5BBC-D617-43F9-8302-0D949F5A68AB}"
EndProject
Project("{FAE04EC0-301F-11D3-BF4B-00C04F79EFBC}") = "Exercise1.WinForms", "src\Exercise1.WinForms\Exercise1.WinForms.csproj", "{E5B62A31-2833-4007-BC28-EF3AFB3B464E}"
EndProject
Project("{FAE04EC0-301F-11D3-BF4B-00C04F79EFBC}") = "Exercise3.RazorApp", "src\Exercise3.RazorApp\Exercise3.RazorApp.csproj", "{80FE0CC5-34A4-4E34-A249-8B0D90276E67}"
EndProject
Project("{FAE04EC0-301F-11D3-BF4B-00C04F79EFBC}") = "Exercise4.MvcCore", "src\Exercise4.MvcCore\Exercise4.MvcCore.csproj", "{BC69F87E-B0A1-4DDA-879F-7C9838802393}"
EndProject
Project("{2150E333-8FDC-42A3-9474-1A3956D46DE8}") = "tests", "tests", "{0AB3BF05-4346-4AA6-1389-037BE0695223}"
EndProject
Project("{FAE04EC0-301F-11D3-BF4B-00C04F79EFBC}") = "PE2.ECommerce.Tests", "tests\PE2.ECommerce.Tests\PE2.ECommerce.Tests.csproj", "{7F4AA0D3-3DA2-4EFD-900E-0D3A8AA65BDD}"
EndProject
Project("{FAE04EC0-301F-11D3-BF4B-00C04F79EFBC}") = "Exercise2.MvcClassic", "src\Exercise2.MvcClassic\Exercise2.MvcClassic.csproj", "{EFAFE22B-A156-4301-8A10-22C136D8A2B8}"
EndProject
Global
	GlobalSection(SolutionConfigurationPlatforms) = preSolution
		Debug|Any CPU = Debug|Any CPU
		Debug|x64 = Debug|x64
		Debug|x86 = Debug|x86
		Release|Any CPU = Release|Any CPU
		Release|x64 = Release|x64
		Release|x86 = Release|x86
	EndGlobalSection
	GlobalSection(ProjectConfigurationPlatforms) = postSolution
		{A1524D48-6B6B-46B6-A716-41BBC72C70BC}.Debug|Any CPU.ActiveCfg = Debug|Any CPU
		{A1524D48-6B6B-46B6-A716-41BBC72C70BC}.Debug|Any CPU.Build.0 = Debug|Any CPU
		{A1524D48-6B6B-46B6-A716-41BBC72C70BC}.Debug|x64.ActiveCfg = Debug|Any CPU
		{A1524D48-6B6B-46B6-A716-41BBC72C70BC}.Debug|x64.Build.0 = Debug|Any CPU
		{A1524D48-6B6B-46B6-A716-41BBC72C70BC}.Debug|x86.ActiveCfg = Debug|Any CPU
		{A1524D48-6B6B-46B6-A716-41BBC72C70BC}.Debug|x86.Build.0 = Debug|Any CPU
		{A1524D48-6B6B-46B6-A716-41BBC72C70BC}.Release|Any CPU.ActiveCfg = Release|Any CPU
		{A1524D48-6B6B-46B6-A716-41BBC72C70BC}.Release|Any CPU.Build.0 = Release|Any CPU
		{A1524D48-6B6B-46B6-A716-41BBC72C70BC}.Release|x64.ActiveCfg = Release|Any CPU
		{A1524D48-6B6B-46B6-A716-41BBC72C70BC}.Release|x64.Build.0 = Release|Any CPU
		{A1524D48-6B6B-46B6-A716-41BBC72C70BC}.Release|x86.ActiveCfg = Release|Any CPU
		{A1524D48-6B6B-46B6-A716-41BBC72C70BC}.Release|x86.Build.0 = Release|Any CPU
		{753A5BBC-D617-43F9-8302-0D949F5A68AB}.Debug|Any CPU.ActiveCfg = Debug|Any CPU
		{753A5BBC-D617-43F9-8302-0D949F5A68AB}.Debug|Any CPU.Build.0 = Debug|Any CPU
		{753A5BBC-D617-43F9-8302-0D949F5A68AB}.Debug|x64.ActiveCfg = Debug|Any CPU
		{753A5BBC-D617-43F9-8302-0D949F5A68AB}.Debug|x64.Build.0 = Debug|Any CPU
		{753A5BBC-D617-43F9-8302-0D949F5A68AB}.Debug|x86.ActiveCfg = Debug|Any CPU
		{753A5BBC-D617-43F9-8302-0D949F5A68AB}.Debug|x86.Build.0 = Debug|Any CPU
		{753A5BBC-D617-43F9-8302-0D949F5A68AB}.Release|Any CPU.ActiveCfg = Release|Any CPU
		{753A5BBC-D617-43F9-8302-0D949F5A68AB}.Release|Any CPU.Build.0 = Release|Any CPU
		{753A5BBC-D617-43F9-8302-0D949F5A68AB}.Release|x64.ActiveCfg = Release|Any CPU
		{753A5BBC-D617-43F9-8302-0D949F5A68AB}.Release|x64.Build.0 = Release|Any CPU
		{753A5BBC-D617-43F9-8302-0D949F5A68AB}.Release|x86.ActiveCfg = Release|Any CPU
		{753A5BBC-D617-43F9-8302-0D949F5A68AB}.Release|x86.Build.0 = Release|Any CPU
		{E5B62A31-2833-4007-BC28-EF3AFB3B464E}.Debug|Any CPU.ActiveCfg = Debug|Any CPU
		{E5B62A31-2833-4007-BC28-EF3AFB3B464E}.Debug|Any CPU.Build.0 = Debug|Any CPU
		{E5B62A31-2833-4007-BC28-EF3AFB3B464E}.Debug|x64.ActiveCfg = Debug|Any CPU
		{E5B62A31-2833-4007-BC28-EF3AFB3B464E}.Debug|x64.Build.0 = Debug|Any CPU
		{E5B62A31-2833-4007-BC28-EF3AFB3B464E}.Debug|x86.ActiveCfg = Debug|Any CPU
		{E5B62A31-2833-4007-BC28-EF3AFB3B464E}.Debug|x86.Build.0 = Debug|Any CPU
		{E5B62A31-2833-4007-BC28-EF3AFB3B464E}.Release|Any CPU.ActiveCfg = Release|Any CPU
		{E5B62A31-2833-4007-BC28-EF3AFB3B464E}.Release|Any CPU.Build.0 = Release|Any CPU
		{E5B62A31-2833-4007-BC28-EF3AFB3B464E}.Release|x64.ActiveCfg = Release|Any CPU
		{E5B62A31-2833-4007-BC28-EF3AFB3B464E}.Release|x64.Build.0 = Release|Any CPU
		{E5B62A31-2833-4007-BC28-EF3AFB3B464E}.Release|x86.ActiveCfg = Release|Any CPU
		{E5B62A31-2833-4007-BC28-EF3AFB3B464E}.Release|x86.Build.0 = Release|Any CPU
		{80FE0CC5-34A4-4E34-A249-8B0D90276E67}.Debug|Any CPU.ActiveCfg = Debug|Any CPU
		{80FE0CC5-34A4-4E34-A249-8B0D90276E67}.Debug|Any CPU.Build.0 = Debug|Any CPU
		{80FE0CC5-34A4-4E34-A249-8B0D90276E67}.Debug|x64.ActiveCfg = Debug|Any CPU
		{80FE0CC5-34A4-4E34-A249-8B0D90276E67}.Debug|x64.Build.0 = Debug|Any CPU
		{80FE0CC5-34A4-4E34-A249-8B0D90276E67}.Debug|x86.ActiveCfg = Debug|Any CPU
		{80FE0CC5-34A4-4E34-A249-8B0D90276E67}.Debug|x86.Build.0 = Debug|Any CPU
		{80FE0CC5-34A4-4E34-A249-8B0D90276E67}.Release|Any CPU.ActiveCfg = Release|Any CPU
		{80FE0CC5-34A4-4E34-A249-8B0D90276E67}.Release|Any CPU.Build.0 = Release|Any CPU
		{80FE0CC5-34A4-4E34-A249-8B0D90276E67}.Release|x64.ActiveCfg = Release|Any CPU
		{80FE0CC5-34A4-4E34-A249-8B0D90276E67}.Release|x64.Build.0 = Release|Any CPU
		{80FE0CC5-34A4-4E34-A249-8B0D90276E67}.Release|x86.ActiveCfg = Release|Any CPU
		{80FE0CC5-34A4-4E34-A249-8B0D90276E67}.Release|x86.Build.0 = Release|Any CPU
		{BC69F87E-B0A1-4DDA-879F-7C9838802393}.Debug|Any CPU.ActiveCfg = Debug|Any CPU
		{BC69F87E-B0A1-4DDA-879F-7C9838802393}.Debug|Any CPU.Build.0 = Debug|Any CPU
		{BC69F87E-B0A1-4DDA-879F-7C9838802393}.Debug|x64.ActiveCfg = Debug|Any CPU
		{BC69F87E-B0A1-4DDA-879F-7C9838802393}.Debug|x64.Build.0 = Debug|Any CPU
		{BC69F87E-B0A1-4DDA-879F-7C9838802393}.Debug|x86.ActiveCfg = Debug|Any CPU
		{BC69F87E-B0A1-4DDA-879F-7C9838802393}.Debug|x86.Build.0 = Debug|Any CPU
		{BC69F87E-B0A1-4DDA-879F-7C9838802393}.Release|Any CPU.ActiveCfg = Release|Any CPU
		{BC69F87E-B0A1-4DDA-879F-7C9838802393}.Release|Any CPU.Build.0 = Release|Any CPU
		{BC69F87E-B0A1-4DDA-879F-7C9838802393}.Release|x64.ActiveCfg = Release|Any CPU
		{BC69F87E-B0A1-4DDA-879F-7C9838802393}.Release|x64.Build.0 = Release|Any CPU
		{BC69F87E-B0A1-4DDA-879F-7C9838802393}.Release|x86.ActiveCfg = Release|Any CPU
		{BC69F87E-B0A1-4DDA-879F-7C9838802393}.Release|x86.Build.0 = Release|Any CPU
		{7F4AA0D3-3DA2-4EFD-900E-0D3A8AA65BDD}.Debug|Any CPU.ActiveCfg = Debug|Any CPU
		{7F4AA0D3-3DA2-4EFD-900E-0D3A8AA65BDD}.Debug|Any CPU.Build.0 = Debug|Any CPU
		{7F4AA0D3-3DA2-4EFD-900E-0D3A8AA65BDD}.Debug|x64.ActiveCfg = Debug|Any CPU
		{7F4AA0D3-3DA2-4EFD-900E-0D3A8AA65BDD}.Debug|x64.Build.0 = Debug|Any CPU
		{7F4AA0D3-3DA2-4EFD-900E-0D3A8AA65BDD}.Debug|x86.ActiveCfg = Debug|Any CPU
		{7F4AA0D3-3DA2-4EFD-900E-0D3A8AA65BDD}.Debug|x86.Build.0 = Debug|Any CPU
		{7F4AA0D3-3DA2-4EFD-900E-0D3A8AA65BDD}.Release|Any CPU.ActiveCfg = Release|Any CPU
		{7F4AA0D3-3DA2-4EFD-900E-0D3A8AA65BDD}.Release|Any CPU.Build.0 = Release|Any CPU
		{7F4AA0D3-3DA2-4EFD-900E-0D3A8AA65BDD}.Release|x64.ActiveCfg = Release|Any CPU
		{7F4AA0D3-3DA2-4EFD-900E-0D3A8AA65BDD}.Release|x64.Build.0 = Release|Any CPU
		{7F4AA0D3-3DA2-4EFD-900E-0D3A8AA65BDD}.Release|x86.ActiveCfg = Release|Any CPU
		{7F4AA0D3-3DA2-4EFD-900E-0D3A8AA65BDD}.Release|x86.Build.0 = Release|Any CPU
		{EFAFE22B-A156-4301-8A10-22C136D8A2B8}.Debug|Any CPU.ActiveCfg = Debug|Any CPU
		{EFAFE22B-A156-4301-8A10-22C136D8A2B8}.Debug|Any CPU.Build.0 = Debug|Any CPU
		{EFAFE22B-A156-4301-8A10-22C136D8A2B8}.Debug|x64.ActiveCfg = Debug|Any CPU
		{EFAFE22B-A156-4301-8A10-22C136D8A2B8}.Debug|x64.Build.0 = Debug|Any CPU
		{EFAFE22B-A156-4301-8A10-22C136D8A2B8}.Debug|x86.ActiveCfg = Debug|Any CPU
		{EFAFE22B-A156-4301-8A10-22C136D8A2B8}.Debug|x86.Build.0 = Debug|Any CPU
		{EFAFE22B-A156-4301-8A10-22C136D8A2B8}.Release|Any CPU.ActiveCfg = Release|Any CPU
		{EFAFE22B-A156-4301-8A10-22C136D8A2B8}.Release|Any CPU.Build.0 = Release|Any CPU
		{EFAFE22B-A156-4301-8A10-22C136D8A2B8}.Release|x64.ActiveCfg = Release|Any CPU
		{EFAFE22B-A156-4301-8A10-22C136D8A2B8}.Release|x64.Build.0 = Release|Any CPU
		{EFAFE22B-A156-4301-8A10-22C136D8A2B8}.Release|x86.ActiveCfg = Release|Any CPU
		{EFAFE22B-A156-4301-8A10-22C136D8A2B8}.Release|x86.Build.0 = Release|Any CPU
	EndGlobalSection
	GlobalSection(SolutionProperties) = preSolution
		HideSolutionNode = FALSE
	EndGlobalSection
	GlobalSection(NestedProjects) = preSolution
		{A1524D48-6B6B-46B6-A716-41BBC72C70BC} = {827E0CD3-B72D-47B6-A68D-7590B98EB39B}
		{753A5BBC-D617-43F9-8302-0D949F5A68AB} = {827E0CD3-B72D-47B6-A68D-7590B98EB39B}
		{E5B62A31-2833-4007-BC28-EF3AFB3B464E} = {827E0CD3-B72D-47B6-A68D-7590B98EB39B}
		{80FE0CC5-34A4-4E34-A249-8B0D90276E67} = {827E0CD3-B72D-47B6-A68D-7590B98EB39B}
		{BC69F87E-B0A1-4DDA-879F-7C9838802393} = {827E0CD3-B72D-47B6-A68D-7590B98EB39B}
		{7F4AA0D3-3DA2-4EFD-900E-0D3A8AA65BDD} = {0AB3BF05-4346-4AA6-1389-037BE0695223}
		{EFAFE22B-A156-4301-8A10-22C136D8A2B8} = {827E0CD3-B72D-47B6-A68D-7590B98EB39B}
	EndGlobalSection
EndGlobal
